
Microsoft Visual Studio Solution File, Format Version 12.00
# Visual Studio Version 17
VisualStudioVersion = 17.13.35919.96 d17.13
MinimumVisualStudioVersion = 10.0.40219.1
Project("{FAE04EC0-301F-11D3-BF4B-00C04F79EFBC}") = "TaskManagerApi", "TaskManagerApi.csproj", "{C9DCA63B-9229-45EE-B366-F95525812CDA}"
EndProject
Global
	GlobalSection(SolutionConfigurationPlatforms) = preSolution
		Debug|Any CPU = Debug|Any CPU
		Release|Any CPU = Release|Any CPU
	EndGlobalSection
	GlobalSection(ProjectConfigurationPlatforms) = postSolution
		{C9DCA63B-9229-45EE-B366-F95525812CDA}.Debug|Any CPU.ActiveCfg = Debug|Any CPU
		{C9DCA63B-9229-45EE-B366-F95525812CDA}.Debug|Any CPU.Build.0 = Debug|Any CPU
		{C9DCA63B-9229-45EE-B366-F95525812CDA}.Release|Any CPU.ActiveCfg = Release|Any CPU
		{C9DCA63B-9229-45EE-B366-F95525812CDA}.Release|Any CPU.Build.0 = Release|Any CPU
	EndGlobalSection
	GlobalSection(SolutionProperties) = preSolution
		HideSolutionNode = FALSE
	EndGlobalSection
	GlobalSection(ExtensibilityGlobals) = postSolution
		SolutionGuid = {F970C939-72F2-4AFC-A8D3-B45BCC2E23DB}
	EndGlobalSection
EndGlobal
